# THIS IS AN AUTOGENERATED FILE. DO NOT EDIT THIS FILE DIRECTLY.
# yarn lockfile v1


"@prisma/client@^4.9.0":
  version "4.9.0"
  resolved "https://registry.yarnpkg.com/@prisma/client/-/client-4.9.0.tgz#4a4068f3540732ea5723c008d49ed684d20f9340"
  integrity sha512-bz6QARw54sWcbyR1lLnF2QHvRW5R/Jxnbbmwh3u+969vUKXtBkXgSgjDA85nji31ZBlf7+FrHDy5x+5ydGyQDg==
  dependencies:
    "@prisma/engines-version" "4.9.0-42.ceb5c99003b99c9ee2c1d2e618e359c14aef2ea5"

"@prisma/engines-version@4.9.0-42.ceb5c99003b99c9ee2c1d2e618e359c14aef2ea5":
  version "4.9.0-42.ceb5c99003b99c9ee2c1d2e618e359c14aef2ea5"
  resolved "https://registry.yarnpkg.com/@prisma/engines-version/-/engines-version-4.9.0-42.ceb5c99003b99c9ee2c1d2e618e359c14aef2ea5.tgz#9d817a5779fc05b107eb02f63d197ad296d60b3c"
  integrity sha512-M16aibbxi/FhW7z1sJCX8u+0DriyQYY5AyeTH7plQm9MLnURoiyn3CZBqAyIoQ+Z1pS77usCIibYJWSgleBMBA==

"@prisma/engines@4.9.0":
  version "4.9.0"
  resolved "https://registry.yarnpkg.com/@prisma/engines/-/engines-4.9.0.tgz#05a1411964e047c1bc43f777c7a1c69f86a2a26c"
  integrity sha512-t1pt0Gsp+HcgPJrHFc+d/ZSAaKKWar2G/iakrE07yeKPNavDP3iVKPpfXP22OTCHZUWf7OelwKJxQgKAm5hkgw==

"@types/cors@^2.8.13":
  version "2.8.13"
  resolved "https://registry.yarnpkg.com/@types/cors/-/cors-2.8.13.tgz#b8ade22ba455a1b8cb3b5d3f35910fd204f84f94"
  integrity sha512-RG8AStHlUiV5ysZQKq97copd2UmVYw3/pRMLefISZ3S1hK104Cwm7iLQ3fTKx+lsUH2CE8FlLaYeEA2LSeqYUA==
  dependencies:
    "@types/node" "*"

"@types/node@*":
  version "18.11.18"
  resolved "https://registry.yarnpkg.com/@types/node/-/node-18.11.18.tgz#8dfb97f0da23c2293e554c5a50d61ef134d7697f"
  integrity sha512-DHQpWGjyQKSHj3ebjFI/wRKcqQcdR+MoFBygntYOZytCqNfkd2ZC4ARDJ2DQqhjH5p85Nnd3jhUJIXrszFX/JA==

cors@^2.8.5:
  version "2.8.5"
  resolved "https://registry.yarnpkg.com/cors/-/cors-2.8.5.tgz#eac11da51592dd86b9f06f6e7ac293b3df875d29"
  integrity sha512-KIHbLJqu73RGr/hnbrO9uBeixNGuvSQjul/jdFvS/KFSIH1hWVd1ng7zOHx+YrEfInLG7q4n6GHQ9cDtxv/P6g==
  dependencies:
    object-assign "^4"
    vary "^1"

express-async-errors@^3.1.1:
  version "3.1.1"
  resolved "https://registry.yarnpkg.com/express-async-errors/-/express-async-errors-3.1.1.tgz#6053236d61d21ddef4892d6bd1d736889fc9da41"
  integrity sha512-h6aK1da4tpqWSbyCa3FxB/V6Ehd4EEB15zyQq9qe75OZBp0krinNKuH4rAY+S/U/2I36vdLAUFSjQJ+TFmODng==

object-assign@^4:
  version "4.1.1"
  resolved "https://registry.yarnpkg.com/object-assign/-/object-assign-4.1.1.tgz#2109adc7965887cfc05cbbd442cac8bfbb360863"
  integrity sha512-rJgTQnkUnH1sFw8yT6VSU3zD3sWmu6sZhIseY8VX+GRu3P6F7Fu+JNDoXfklElbLJSnc3FUQHVe4cU5hj+BcUg==

prisma@^4.9.0:
  version "4.9.0"
  resolved "https://registry.yarnpkg.com/prisma/-/prisma-4.9.0.tgz#295954b2a89cd35a0e6bcf66b2b036dbf80c75ee"
  integrity sha512-bS96oZ5oDFXYgoF2l7PJ3Mp1wWWfLOo8B/jAfbA2Pn0Wm5Z/owBHzaMQKS3i1CzVBDWWPVnOohmbJmjvkcHS5w==
  dependencies:
    "@prisma/engines" "4.9.0"

vary@^1:
  version "1.1.2"
  resolved "https://registry.yarnpkg.com/vary/-/vary-1.1.2.tgz#2299f02c6ded30d4a5961b0b9f74524a18f634fc"
  integrity sha512-BNGbWLfd0eUPabhkXUVm0j8uuvREyTh5ovRa/dyow/BqAbZJyC+5fU+IzQOzmAKzYqYRAISoRhdQr3eIZ/PXqg==
